# This file was autogenerated by Stack.
# You should not edit this file by hand.
# For more information, please see the documentation at:
#   https://docs.haskellstack.org/en/stable/topics/lock_files

packages:
- completed:
    hackage: fgl-visualize-0.1.0.1@sha256:e682066053a6e75478a08fd6822dd0143a3b8ea23244bdb01dd389a266447c5e,995
    pantry-tree:
      sha256: 969d6b60ea298ffb81697dd350e76774a2f876103a147117f832400451ad2cc3
      size: 224
  original:
    hackage: fgl-visualize-0.1.0.1
- completed:
    commit: be51cc4c8ae75eb7caec4949774c08b7c12d460e
    git: https://github.com/ucla-pls/jvm-binary
    name: jvm-binary
    pantry-tree:
      sha256: 7caa5b142977f79ad4900ccf84e7ff49d8f74fc2647bc91f8f3b4ba8de2df33f
      size: 5024
    version: 0.14.2
  original:
    commit: be51cc4c8ae75eb7caec4949774c08b7c12d460e
    git: https://github.com/ucla-pls/jvm-binary
- completed:
    commit: 0542648d411c0b8000657590a431e697b95729c3
    git: https://github.com/ucla-pls/jvmhs
    name: jvmhs
    pantry-tree:
      sha256: f2aa8f795526a07abf82df417bca614f4aa55f09b9a68b718a8d671817f797fe
      size: 8055
    version: 0.3.1
  original:
    commit: 0542648d411c0b8000657590a431e697b95729c3
    git: https://github.com/ucla-pls/jvmhs
- completed:
    commit: 669e58c31dddfe3d17f303ce65c67cb94abed5b4
    git: https://github.com/kalhauge/cones
    name: cones
    pantry-tree:
      sha256: d3346f34fc7f6769954f65c19be8e928fe64eb9be20d7ca0fca34af9e3123e01
      size: 431
    subdir: cones
    version: 0.1.0
  original:
    commit: 669e58c31dddfe3d17f303ce65c67cb94abed5b4
    git: https://github.com/kalhauge/cones
    subdir: cones
- completed:
    commit: 669e58c31dddfe3d17f303ce65c67cb94abed5b4
    git: https://github.com/kalhauge/cones
    name: conedec
    pantry-tree:
      sha256: b34faa047ec3345df0835b3cceb3d979ce033f44b21bc7175d5aab9915b34ef5
      size: 555
    subdir: conedec
    version: 0.2.1
  original:
    commit: 669e58c31dddfe3d17f303ce65c67cb94abed5b4
    git: https://github.com/kalhauge/cones
    subdir: conedec
snapshots:
- completed:
    sha256: 7e724f347d5969cb5e8dde9f9aae30996e3231c29d1dafd45f21f1700d4c4fcb
    size: 684460
    url: https://raw.githubusercontent.com/commercialhaskell/stackage-snapshots/master/lts/23/28.yaml
  original: lts-23.28
