# This file was autogenerated by Stack.
# You should not edit this file by hand.
# For more information, please see the documentation at:
#   https://docs.haskellstack.org/en/stable/lock_files

packages:
- completed:
    hackage: fgl-visualize-0.1.0.1@sha256:e682066053a6e75478a08fd6822dd0143a3b8ea23244bdb01dd389a266447c5e,995
    pantry-tree:
      sha256: 969d6b60ea298ffb81697dd350e76774a2f876103a147117f832400451ad2cc3
      size: 224
  original:
    hackage: fgl-visualize-0.1.0.1
- completed:
    commit: db141713638e310b2e7011d09875ea0115bcc28e
    git: https://github.com/ucla-pls/jvm-binary
    name: jvm-binary
    pantry-tree:
      sha256: 8ae806909705ca92282737035f98f86a10b52c9df46e89f4e35d79448754f7f5
      size: 4936
    version: 0.13.0
  original:
    commit: db141713638e310b2e7011d09875ea0115bcc28e
    git: https://github.com/ucla-pls/jvm-binary
- completed:
    commit: 3a3846a59ce6d4a11473b78918a9b913ef1e1a91
    git: https://github.com/ucla-pls/jvmhs
    name: jvmhs
    pantry-tree:
      sha256: be6340f3c888f550d972186c3abcb4561dd661237b547190657962b364277200
      size: 8056
    version: 0.2.0
  original:
    commit: 3a3846a59ce6d4a11473b78918a9b913ef1e1a91
    git: https://github.com/ucla-pls/jvmhs
- completed:
    commit: 69d30f009e61abb603da03f0d5be40352378fdff
    git: https://github.com/kalhauge/cones
    name: cones
    pantry-tree:
      sha256: dd8ef9f6a001aaf01b88920be85a1491d6fea9cacdcfbfda08b52f10db82ac95
      size: 431
    subdir: cones
    version: 0.1.0
  original:
    commit: 69d30f009e61abb603da03f0d5be40352378fdff
    git: https://github.com/kalhauge/cones
    subdir: cones
- completed:
    commit: 69d30f009e61abb603da03f0d5be40352378fdff
    git: https://github.com/kalhauge/cones
    name: conedec
    pantry-tree:
      sha256: b37e571cb01e3180c51afaed77a6f6a718aa82466add111ebffcf54cb2a9cf91
      size: 555
    subdir: conedec
    version: 0.2.0
  original:
    commit: 69d30f009e61abb603da03f0d5be40352378fdff
    git: https://github.com/kalhauge/cones
    subdir: conedec
snapshots:
- completed:
    sha256: 5a59b2a405b3aba3c00188453be172b85893cab8ebc352b1ef58b0eae5d248a2
    size: 650475
    url: https://raw.githubusercontent.com/commercialhaskell/stackage-snapshots/master/lts/20/26.yaml
  original: lts-20.26
