# This file was autogenerated by Stack.
# You should not edit this file by hand.
# For more information, please see the documentation at:
#   https://docs.haskellstack.org/en/stable/lock_files

packages:
- completed:
    hackage: fgl-visualize-0.1.0.1@sha256:e682066053a6e75478a08fd6822dd0143a3b8ea23244bdb01dd389a266447c5e,995
    pantry-tree:
      sha256: 969d6b60ea298ffb81697dd350e76774a2f876103a147117f832400451ad2cc3
      size: 224
  original:
    hackage: fgl-visualize-0.1.0.1
- completed:
    commit: 6c90146ebfb473b1eb699801431bdd5911eb4683
    git: https://github.com/ucla-pls/jvm-binary
    name: jvm-binary
    pantry-tree:
      sha256: 081ee0cccbd0c1020d2e1cc68742d85ab7dfd9710f64112ffccdd4ec7a5b2347
      size: 4936
    version: 0.13.0
  original:
    commit: 6c90146ebfb473b1eb699801431bdd5911eb4683
    git: https://github.com/ucla-pls/jvm-binary
- completed:
    commit: ea2fae5db242af8c3ad025ecb01cd721e12f04de
    git: https://github.com/ucla-pls/jvmhs
    name: jvmhs
    pantry-tree:
      sha256: fa344c466c34c0e950eebeb6c1e3a7f7a6ff1a23d99e0b843b01fa99e66da2e9
      size: 8055
    version: 0.2.0
  original:
    commit: ea2fae5db242af8c3ad025ecb01cd721e12f04de
    git: https://github.com/ucla-pls/jvmhs
- completed:
    commit: 69d30f009e61abb603da03f0d5be40352378fdff
    git: https://github.com/kalhauge/cones
    name: cones
    pantry-tree:
      sha256: dd8ef9f6a001aaf01b88920be85a1491d6fea9cacdcfbfda08b52f10db82ac95
      size: 431
    subdir: cones
    version: 0.1.0
  original:
    commit: 69d30f009e61abb603da03f0d5be40352378fdff
    git: https://github.com/kalhauge/cones
    subdir: cones
- completed:
    commit: 69d30f009e61abb603da03f0d5be40352378fdff
    git: https://github.com/kalhauge/cones
    name: conedec
    pantry-tree:
      sha256: b37e571cb01e3180c51afaed77a6f6a718aa82466add111ebffcf54cb2a9cf91
      size: 555
    subdir: conedec
    version: 0.2.0
  original:
    commit: 69d30f009e61abb603da03f0d5be40352378fdff
    git: https://github.com/kalhauge/cones
    subdir: conedec
snapshots:
- completed:
    sha256: 5a59b2a405b3aba3c00188453be172b85893cab8ebc352b1ef58b0eae5d248a2
    size: 650475
    url: https://raw.githubusercontent.com/commercialhaskell/stackage-snapshots/master/lts/20/26.yaml
  original: lts-20.26
